// !$*UTF8*$!
{
	archiveVersion = 1;
	classes = {
	};
	objectVersion = 46;
	objects = {

/* Begin PBXBuildFile section */
		F20D250B1560350E008DD115 /* EventDispatcher.cpp in Sources */ = {isa = PBXBuildFile; fileRef = F20D250A1560350E008DD115 /* EventDispatcher.cpp */; };
		F218F74A1555EE25007B3232 /* Settings.cpp in Sources */ = {isa = PBXBuildFile; fileRef = F218F7491555EE25007B3232 /* Settings.cpp */; };
		F236B52415558B0B002BCA31 /* Foundation.framework in Frameworks */ = {isa = PBXBuildFile; fileRef = F236B52315558B0B002BCA31 /* Foundation.framework */; };
		F236B52715558B0C002BCA31 /* main.cpp in Sources */ = {isa = PBXBuildFile; fileRef = F236B52615558B0C002BCA31 /* main.cpp */; };
		F236B52915558B0C002BCA31 /* ResourcePath.mm in Sources */ = {isa = PBXBuildFile; fileRef = F236B52815558B0C002BCA31 /* ResourcePath.mm */; };
		F236B53415558B0C002BCA31 /* InfoPlist.strings in Resources */ = {isa = PBXBuildFile; fileRef = F236B53215558B0C002BCA31 /* InfoPlist.strings */; };
		F236B54615558F39002BCA31 /* Engine.cpp in Sources */ = {isa = PBXBuildFile; fileRef = F236B54515558F39002BCA31 /* Engine.cpp */; };
		F236B57315559D6A002BCA31 /* Level.cpp in Sources */ = {isa = PBXBuildFile; fileRef = F236B57215559D6A002BCA31 /* Level.cpp */; };
		F236B57615559E3A002BCA31 /* Splash.cpp in Sources */ = {isa = PBXBuildFile; fileRef = F236B57515559E3A002BCA31 /* Splash.cpp */; };
		F236B5791555A625002BCA31 /* MenuItem.cpp in Sources */ = {isa = PBXBuildFile; fileRef = F236B5781555A625002BCA31 /* MenuItem.cpp */; };
		F24B5FAD156AED9E002D97A3 /* HumanLocal.cpp in Sources */ = {isa = PBXBuildFile; fileRef = F24B5FAC156AED9E002D97A3 /* HumanLocal.cpp */; };
		F2583624157FE95000A0D6C9 /* MenuView.cpp in Sources */ = {isa = PBXBuildFile; fileRef = F2583623157FE95000A0D6C9 /* MenuView.cpp */; };
		F25E8A9915817BFF00587BCB /* TextView.cpp in Sources */ = {isa = PBXBuildFile; fileRef = F25E8A9815817BFF00587BCB /* TextView.cpp */; };
		F2732636156B0D0C00C8679A /* EventHandler.cpp in Sources */ = {isa = PBXBuildFile; fileRef = F2732635156B0D0C00C8679A /* EventHandler.cpp */; };
		F2732648156BF96100C8679A /* AI.cpp in Sources */ = {isa = PBXBuildFile; fileRef = F2732647156BF96100C8679A /* AI.cpp */; };
		F2771154155EA2CB00DEBAC1 /* DashedLine.cpp in Sources */ = {isa = PBXBuildFile; fileRef = F2771153155EA2CB00DEBAC1 /* DashedLine.cpp */; };
		F277115F155F10A700DEBAC1 /* Ball.cpp in Sources */ = {isa = PBXBuildFile; fileRef = F277115E155F10A700DEBAC1 /* Ball.cpp */; };
		F2771161155F267300DEBAC1 /* Paddle.cpp in Sources */ = {isa = PBXBuildFile; fileRef = F2771160155F267300DEBAC1 /* Paddle.cpp */; };
		F2771164155F433600DEBAC1 /* ArcShape.cpp in Sources */ = {isa = PBXBuildFile; fileRef = F2771163155F433500DEBAC1 /* ArcShape.cpp */; };
/* End PBXBuildFile section */

/* Begin PBXFileReference section */
		F20D2508156032E7008DD115 /* MovementEvent.hpp */ = {isa = PBXFileReference; fileEncoding = 4; lastKnownFileType = sourcecode.cpp.h; path = MovementEvent.hpp; sourceTree = "<group>"; };
		F20D2509156033E7008DD115 /* EventDispatcher.hpp */ = {isa = PBXFileReference; fileEncoding = 4; lastKnownFileType = sourcecode.cpp.h; path = EventDispatcher.hpp; sourceTree = "<group>"; };
		F20D250A1560350E008DD115 /* EventDispatcher.cpp */ = {isa = PBXFileReference; fileEncoding = 4; lastKnownFileType = sourcecode.cpp.cpp; path = EventDispatcher.cpp; sourceTree = "<group>"; };
		F218F7491555EE25007B3232 /* Settings.cpp */ = {isa = PBXFileReference; fileEncoding = 4; lastKnownFileType = sourcecode.cpp.cpp; path = Settings.cpp; sourceTree = "<group>"; };
		F23478B71562F53E00C5E50E /* EventWrapper.hpp */ = {isa = PBXFileReference; fileEncoding = 4; lastKnownFileType = sourcecode.cpp.h; path = EventWrapper.hpp; sourceTree = "<group>"; };
		F23478B91562F71300C5E50E /* EventHandler.hpp */ = {isa = PBXFileReference; fileEncoding = 4; lastKnownFileType = sourcecode.cpp.h; path = EventHandler.hpp; sourceTree = "<group>"; };
		F236B51F15558B0B002BCA31 /* PolarPong.app */ = {isa = PBXFileReference; explicitFileType = wrapper.application; includeInIndex = 0; path = PolarPong.app; sourceTree = BUILT_PRODUCTS_DIR; };
		F236B52315558B0B002BCA31 /* Foundation.framework */ = {isa = PBXFileReference; lastKnownFileType = wrapper.framework; name = Foundation.framework; path = System/Library/Frameworks/Foundation.framework; sourceTree = SDKROOT; };
		F236B52615558B0C002BCA31 /* main.cpp */ = {isa = PBXFileReference; lastKnownFileType = sourcecode.cpp.cpp; path = main.cpp; sourceTree = "<group>"; };
		F236B52815558B0C002BCA31 /* ResourcePath.mm */ = {isa = PBXFileReference; lastKnownFileType = sourcecode.cpp.objcpp; path = ResourcePath.mm; sourceTree = "<group>"; };
		F236B52A15558B0C002BCA31 /* ResourcePath.hpp */ = {isa = PBXFileReference; lastKnownFileType = sourcecode.cpp.h; path = ResourcePath.hpp; sourceTree = "<group>"; };
		F236B53115558B0C002BCA31 /* PolarPong-Info.plist */ = {isa = PBXFileReference; lastKnownFileType = text.plist.xml; path = "PolarPong-Info.plist"; sourceTree = "<group>"; };
		F236B53315558B0C002BCA31 /* en */ = {isa = PBXFileReference; lastKnownFileType = text.plist.strings; name = en; path = en.lproj/InfoPlist.strings; sourceTree = "<group>"; };
		F236B53B15558B82002BCA31 /* Engine.hpp */ = {isa = PBXFileReference; fileEncoding = 4; lastKnownFileType = sourcecode.cpp.h; path = Engine.hpp; sourceTree = "<group>"; };
		F236B53C15558B9B002BCA31 /* PhysicalObject.hpp */ = {isa = PBXFileReference; fileEncoding = 4; lastKnownFileType = sourcecode.cpp.h; path = PhysicalObject.hpp; sourceTree = "<group>"; };
		F236B53D15558BB7002BCA31 /* View.hpp */ = {isa = PBXFileReference; fileEncoding = 4; lastKnownFileType = sourcecode.cpp.h; path = View.hpp; sourceTree = "<group>"; };
		F236B53E15558BE4002BCA31 /* Level.hpp */ = {isa = PBXFileReference; fileEncoding = 4; lastKnownFileType = sourcecode.cpp.h; path = Level.hpp; sourceTree = "<group>"; };
		F236B53F15558BF4002BCA31 /* Splash.hpp */ = {isa = PBXFileReference; fileEncoding = 4; lastKnownFileType = sourcecode.cpp.h; path = Splash.hpp; sourceTree = "<group>"; };
		F236B54015558C01002BCA31 /* Settings.hpp */ = {isa = PBXFileReference; fileEncoding = 4; lastKnownFileType = sourcecode.cpp.h; path = Settings.hpp; sourceTree = "<group>"; };
		F236B54115558C10002BCA31 /* Paddle.hpp */ = {isa = PBXFileReference; lastKnownFileType = sourcecode.cpp.h; path = Paddle.hpp; sourceTree = "<group>"; };
		F236B54215558C1D002BCA31 /* Ball.hpp */ = {isa = PBXFileReference; fileEncoding = 4; lastKnownFileType = sourcecode.cpp.h; path = Ball.hpp; sourceTree = "<group>"; };
		F236B54515558F39002BCA31 /* Engine.cpp */ = {isa = PBXFileReference; fileEncoding = 4; lastKnownFileType = sourcecode.cpp.cpp; path = Engine.cpp; sourceTree = "<group>"; };
		F236B57215559D6A002BCA31 /* Level.cpp */ = {isa = PBXFileReference; fileEncoding = 4; lastKnownFileType = sourcecode.cpp.cpp; path = Level.cpp; sourceTree = "<group>"; };
		F236B57515559E3A002BCA31 /* Splash.cpp */ = {isa = PBXFileReference; fileEncoding = 4; lastKnownFileType = sourcecode.cpp.cpp; path = Splash.cpp; sourceTree = "<group>"; };
		F236B5771555A293002BCA31 /* MenuItem.hpp */ = {isa = PBXFileReference; fileEncoding = 4; lastKnownFileType = sourcecode.cpp.h; path = MenuItem.hpp; sourceTree = "<group>"; };
		F236B5781555A625002BCA31 /* MenuItem.cpp */ = {isa = PBXFileReference; fileEncoding = 4; lastKnownFileType = sourcecode.cpp.cpp; path = MenuItem.cpp; sourceTree = "<group>"; };
		F236B57B1555A69E002BCA31 /* MenuController.hpp */ = {isa = PBXFileReference; fileEncoding = 4; lastKnownFileType = sourcecode.cpp.h; path = MenuController.hpp; sourceTree = "<group>"; };
		F24B5FA9156AEA72002D97A3 /* GameController.hpp */ = {isa = PBXFileReference; fileEncoding = 4; lastKnownFileType = sourcecode.cpp.h; path = GameController.hpp; sourceTree = "<group>"; };
		F24B5FAB156AEB67002D97A3 /* HumanLocal.hpp */ = {isa = PBXFileReference; fileEncoding = 4; lastKnownFileType = sourcecode.cpp.h; path = HumanLocal.hpp; sourceTree = "<group>"; };
		F24B5FAC156AED9E002D97A3 /* HumanLocal.cpp */ = {isa = PBXFileReference; fileEncoding = 4; lastKnownFileType = sourcecode.cpp.cpp; path = HumanLocal.cpp; sourceTree = "<group>"; };
		F2583623157FE95000A0D6C9 /* MenuView.cpp */ = {isa = PBXFileReference; fileEncoding = 4; lastKnownFileType = sourcecode.cpp.cpp; path = MenuView.cpp; sourceTree = "<group>"; };
		F25E8A96158138DC00587BCB /* TextView.hpp */ = {isa = PBXFileReference; fileEncoding = 4; lastKnownFileType = sourcecode.cpp.h; path = TextView.hpp; sourceTree = "<group>"; };
		F25E8A971581695500587BCB /* TextButton.hpp */ = {isa = PBXFileReference; fileEncoding = 4; lastKnownFileType = sourcecode.cpp.h; path = TextButton.hpp; sourceTree = "<group>"; };
		F25E8A9815817BFF00587BCB /* TextView.cpp */ = {isa = PBXFileReference; fileEncoding = 4; lastKnownFileType = sourcecode.cpp.cpp; path = TextView.cpp; sourceTree = "<group>"; };
		F2691BD11577F19700331F44 /* EngineStateEvent.hpp */ = {isa = PBXFileReference; fileEncoding = 4; lastKnownFileType = sourcecode.cpp.h; path = EngineStateEvent.hpp; sourceTree = "<group>"; };
		F2691BD31577F38700331F44 /* Event.hpp */ = {isa = PBXFileReference; fileEncoding = 4; lastKnownFileType = sourcecode.cpp.h; path = Event.hpp; sourceTree = "<group>"; };
		F2732635156B0D0C00C8679A /* EventHandler.cpp */ = {isa = PBXFileReference; fileEncoding = 4; lastKnownFileType = sourcecode.cpp.cpp; path = EventHandler.cpp; sourceTree = "<group>"; };
		F2732645156BF81200C8679A /* AI.hpp */ = {isa = PBXFileReference; fileEncoding = 4; lastKnownFileType = sourcecode.cpp.h; path = AI.hpp; sourceTree = "<group>"; };
		F2732647156BF96100C8679A /* AI.cpp */ = {isa = PBXFileReference; fileEncoding = 4; lastKnownFileType = sourcecode.cpp.cpp; path = AI.cpp; sourceTree = "<group>"; };
		F2771152155E9CE300DEBAC1 /* DashedLine.hpp */ = {isa = PBXFileReference; fileEncoding = 4; lastKnownFileType = sourcecode.cpp.h; path = DashedLine.hpp; sourceTree = "<group>"; };
		F2771153155EA2CB00DEBAC1 /* DashedLine.cpp */ = {isa = PBXFileReference; fileEncoding = 4; lastKnownFileType = sourcecode.cpp.cpp; path = DashedLine.cpp; sourceTree = "<group>"; };
		F2771155155EDD5D00DEBAC1 /* utils.hpp */ = {isa = PBXFileReference; fileEncoding = 4; lastKnownFileType = sourcecode.cpp.h; path = utils.hpp; sourceTree = "<group>"; };
		F277115E155F10A700DEBAC1 /* Ball.cpp */ = {isa = PBXFileReference; fileEncoding = 4; lastKnownFileType = sourcecode.cpp.cpp; path = Ball.cpp; sourceTree = "<group>"; };
		F2771160155F267300DEBAC1 /* Paddle.cpp */ = {isa = PBXFileReference; fileEncoding = 4; lastKnownFileType = sourcecode.cpp.cpp; path = Paddle.cpp; sourceTree = "<group>"; };
		F2771162155F423400DEBAC1 /* ArcShape.hpp */ = {isa = PBXFileReference; fileEncoding = 4; lastKnownFileType = sourcecode.cpp.h; path = ArcShape.hpp; sourceTree = "<group>"; };
		F2771163155F433500DEBAC1 /* ArcShape.cpp */ = {isa = PBXFileReference; fileEncoding = 4; lastKnownFileType = sourcecode.cpp.cpp; path = ArcShape.cpp; sourceTree = "<group>"; };
		F2791BAB15780BDF00FFFC19 /* RectangleShapeView.hpp */ = {isa = PBXFileReference; fileEncoding = 4; lastKnownFileType = sourcecode.cpp.h; path = RectangleShapeView.hpp; sourceTree = "<group>"; };
		F283254A1579301400280AC8 /* MenuView.hpp */ = {isa = PBXFileReference; fileEncoding = 4; lastKnownFileType = sourcecode.cpp.h; path = MenuView.hpp; sourceTree = "<group>"; };
/* End PBXFileReference section */

/* Begin PBXFrameworksBuildPhase section */
		F236B51C15558B0B002BCA31 /* Frameworks */ = {
			isa = PBXFrameworksBuildPhase;
			buildActionMask = 2147483647;
			files = (
				F236B52415558B0B002BCA31 /* Foundation.framework in Frameworks */,
			);
			runOnlyForDeploymentPostprocessing = 0;
		};
/* End PBXFrameworksBuildPhase section */

/* Begin PBXGroup section */
		F20D250515603215008DD115 /* Engine */ = {
			isa = PBXGroup;
			children = (
				F2691BD41577F61600331F44 /* Events */,
				F236B53B15558B82002BCA31 /* Engine.hpp */,
				F236B54515558F39002BCA31 /* Engine.cpp */,
				F236B57B1555A69E002BCA31 /* MenuController.hpp */,
				F236B54015558C01002BCA31 /* Settings.hpp */,
				F218F7491555EE25007B3232 /* Settings.cpp */,
				F236B52615558B0C002BCA31 /* main.cpp */,
			);
			name = Engine;
			sourceTree = "<group>";
		};
		F20D25061560323F008DD115 /* GameObjects */ = {
			isa = PBXGroup;
			children = (
				F236B53C15558B9B002BCA31 /* PhysicalObject.hpp */,
				F236B54115558C10002BCA31 /* Paddle.hpp */,
				F2771160155F267300DEBAC1 /* Paddle.cpp */,
				F2771162155F423400DEBAC1 /* ArcShape.hpp */,
				F2771163155F433500DEBAC1 /* ArcShape.cpp */,
				F236B54215558C1D002BCA31 /* Ball.hpp */,
				F277115E155F10A700DEBAC1 /* Ball.cpp */,
				F2771152155E9CE300DEBAC1 /* DashedLine.hpp */,
				F2771153155EA2CB00DEBAC1 /* DashedLine.cpp */,
			);
			name = GameObjects;
			sourceTree = "<group>";
		};
		F20D250715603265008DD115 /* MultiplayerControl */ = {
			isa = PBXGroup;
			children = (
				F24B5FA9156AEA72002D97A3 /* GameController.hpp */,
				F2732645156BF81200C8679A /* AI.hpp */,
				F2732647156BF96100C8679A /* AI.cpp */,
				F24B5FAB156AEB67002D97A3 /* HumanLocal.hpp */,
				F24B5FAC156AED9E002D97A3 /* HumanLocal.cpp */,
			);
			name = MultiplayerControl;
			sourceTree = "<group>";
		};
		F236B51315558B0B002BCA31 = {
			isa = PBXGroup;
			children = (
				F236B52515558B0B002BCA31 /* PolarPong */,
				F236B52215558B0B002BCA31 /* Frameworks */,
				F236B52015558B0B002BCA31 /* Products */,
			);
			sourceTree = "<group>";
		};
		F236B52015558B0B002BCA31 /* Products */ = {
			isa = PBXGroup;
			children = (
				F236B51F15558B0B002BCA31 /* PolarPong.app */,
			);
			name = Products;
			sourceTree = "<group>";
		};
		F236B52215558B0B002BCA31 /* Frameworks */ = {
			isa = PBXGroup;
			children = (
				F236B52315558B0B002BCA31 /* Foundation.framework */,
			);
			name = Frameworks;
			sourceTree = "<group>";
		};
		F236B52515558B0B002BCA31 /* PolarPong */ = {
			isa = PBXGroup;
			children = (
				F2791BAC15782AC600FFFC19 /* Views */,
				F20D250515603215008DD115 /* Engine */,
				F20D25061560323F008DD115 /* GameObjects */,
				F20D250715603265008DD115 /* MultiplayerControl */,
				F236B52815558B0C002BCA31 /* ResourcePath.mm */,
				F236B52A15558B0C002BCA31 /* ResourcePath.hpp */,
				F2771155155EDD5D00DEBAC1 /* utils.hpp */,
				F236B52B15558B0C002BCA31 /* Resources */,
				F236B53015558B0C002BCA31 /* Supporting Files */,
			);
			path = PolarPong;
			sourceTree = "<group>";
		};
		F236B52B15558B0C002BCA31 /* Resources */ = {
			isa = PBXGroup;
			children = (
			);
			name = Resources;
			sourceTree = "<group>";
		};
		F236B53015558B0C002BCA31 /* Supporting Files */ = {
			isa = PBXGroup;
			children = (
				F236B53115558B0C002BCA31 /* PolarPong-Info.plist */,
				F236B53215558B0C002BCA31 /* InfoPlist.strings */,
			);
			name = "Supporting Files";
			sourceTree = "<group>";
		};
		F2691BD41577F61600331F44 /* Events */ = {
			isa = PBXGroup;
			children = (
				F23478B71562F53E00C5E50E /* EventWrapper.hpp */,
				F2691BD31577F38700331F44 /* Event.hpp */,
				F20D2508156032E7008DD115 /* MovementEvent.hpp */,
				F2691BD11577F19700331F44 /* EngineStateEvent.hpp */,
				F20D2509156033E7008DD115 /* EventDispatcher.hpp */,
				F20D250A1560350E008DD115 /* EventDispatcher.cpp */,
				F23478B91562F71300C5E50E /* EventHandler.hpp */,
				F2732635156B0D0C00C8679A /* EventHandler.cpp */,
			);
			name = Events;
			sourceTree = "<group>";
		};
		F2791BAC15782AC600FFFC19 /* Views */ = {
			isa = PBXGroup;
			children = (
				F236B53D15558BB7002BCA31 /* View.hpp */,
				F2791BAB15780BDF00FFFC19 /* RectangleShapeView.hpp */,
				F25E8A96158138DC00587BCB /* TextView.hpp */,
				F25E8A9815817BFF00587BCB /* TextView.cpp */,
				F25E8A971581695500587BCB /* TextButton.hpp */,
				F283254A1579301400280AC8 /* MenuView.hpp */,
				F2583623157FE95000A0D6C9 /* MenuView.cpp */,
				F236B53F15558BF4002BCA31 /* Splash.hpp */,
				F236B57515559E3A002BCA31 /* Splash.cpp */,
				F236B5771555A293002BCA31 /* MenuItem.hpp */,
				F236B5781555A625002BCA31 /* MenuItem.cpp */,
				F236B53E15558BE4002BCA31 /* Level.hpp */,
				F236B57215559D6A002BCA31 /* Level.cpp */,
			);
			name = Views;
			sourceTree = "<group>";
		};
/* End PBXGroup section */

/* Begin PBXNativeTarget section */
		F236B51E15558B0B002BCA31 /* PolarPong */ = {
			isa = PBXNativeTarget;
			buildConfigurationList = F236B53715558B0C002BCA31 /* Build configuration list for PBXNativeTarget "PolarPong" */;
			buildPhases = (
				F236B51A15558B0B002BCA31 /* ShellScript */,
				F236B51B15558B0B002BCA31 /* Sources */,
				F236B51C15558B0B002BCA31 /* Frameworks */,
				F236B51D15558B0B002BCA31 /* Resources */,
			);
			buildRules = (
			);
			dependencies = (
			);
			name = PolarPong;
			productName = PolarPong;
			productReference = F236B51F15558B0B002BCA31 /* PolarPong.app */;
			productType = "com.apple.product-type.application";
		};
/* End PBXNativeTarget section */

/* Begin PBXProject section */
		F236B51515558B0B002BCA31 /* Project object */ = {
			isa = PBXProject;
			attributes = {
				LastUpgradeCheck = 0430;
			};
			buildConfigurationList = F236B51815558B0B002BCA31 /* Build configuration list for PBXProject "PolarPong" */;
			compatibilityVersion = "Xcode 3.2";
			developmentRegion = English;
			hasScannedForEncodings = 0;
			knownRegions = (
				en,
			);
			mainGroup = F236B51315558B0B002BCA31;
			productRefGroup = F236B52015558B0B002BCA31 /* Products */;
			projectDirPath = "";
			projectRoot = "";
			targets = (
				F236B51E15558B0B002BCA31 /* PolarPong */,
			);
		};
/* End PBXProject section */

/* Begin PBXResourcesBuildPhase section */
		F236B51D15558B0B002BCA31 /* Resources */ = {
			isa = PBXResourcesBuildPhase;
			buildActionMask = 2147483647;
			files = (
				F236B53415558B0C002BCA31 /* InfoPlist.strings in Resources */,
			);
			runOnlyForDeploymentPostprocessing = 0;
		};
/* End PBXResourcesBuildPhase section */

/* Begin PBXShellScriptBuildPhase section */
		F236B51A15558B0B002BCA31 /* ShellScript */ = {
			isa = PBXShellScriptBuildPhase;
			buildActionMask = 2147483647;
			files = (
			);
			inputPaths = (
			);
			outputPaths = (
			);
			runOnlyForDeploymentPostprocessing = 0;
			shellPath = /bin/sh;
			shellScript = "# This shell script simply copies required sfml dylibs/frameworks into the application bundle frameworks folder.\n# If you're using static libraries (which is not recommended) you should remove this script from your project.\n\n# Are we building a project that uses framework or dylibs ?\nif [ $SFML_LINK_PREFIX = $SFML_LINK_FRAMEWORKS_PREFIX ]\nthen\n    frameworks=1\nelse\n    frameworks=0\nfi\n\nrequire () # $1 is a SFML module like 'system' or 'audio'\n{\n    dest=$BUILT_PRODUCTS_DIR/$PRODUCT_NAME.app/Contents/Frameworks\n    \n    if [ -z $1 ]\n    then\n        echo \"no parameter! ERROR!\"\n        exit\n    else\n        # clean potentially old stuff\n        rm -f $dest/libsfml-$1.2.dylib\n        rm -f $dest/libsfml-$1-d.2.dylib\n        rm -fr $dest/sfml-$1.framework\n    \n        # copy SFML libraries\n        if [ $frameworks ]\n        then\n            ditto \"/Library/Frameworks/sfml-$1.framework\" \"$dest/sfml-$1.framework\"\n        elif [ $CONFIGURATION = \"Debug\" ]\n        then\n            ditto \"/usr/local/lib/libsfml-$1-d.2.dylib\" \"$dest/libsfml-$1-d.2.dylib\"\n        else\n            ditto \"/usr/local/lib/libsfml-$1.2.dylib\" \"$dest/libsfml-$1.2.dylib\"\n        fi\n        \n        if [ $1 = \"audio\" ]\n        then\n            # copy sndfile framework too\n            ditto \"/Library/Frameworks/sndfile.framework\" \"$dest/sndfile.framework\"\n        fi\n    fi\n}\n\nif [ -n \"$SFML_SYSTEM\" ]\nthen\n    require \"system\"\nfi\n\nif [ -n \"$SFML_AUDIO\" ]\nthen\n    require \"audio\"\nfi\n\nif [ -n \"$SFML_NETWORK\" ]\nthen\n    require \"network\"\nfi\n\nif [ -n \"$SFML_WINDOW\" ]\nthen\n    require \"window\"\nfi\n\nif [ -n \"$SFML_GRAPHICS\" ]\nthen\n    require \"graphics\"\nfi\n\t\t\t\t\t";
		};
/* End PBXShellScriptBuildPhase section */

/* Begin PBXSourcesBuildPhase section */
		F236B51B15558B0B002BCA31 /* Sources */ = {
			isa = PBXSourcesBuildPhase;
			buildActionMask = 2147483647;
			files = (
				F236B52715558B0C002BCA31 /* main.cpp in Sources */,
				F236B52915558B0C002BCA31 /* ResourcePath.mm in Sources */,
				F236B54615558F39002BCA31 /* Engine.cpp in Sources */,
				F236B57315559D6A002BCA31 /* Level.cpp in Sources */,
				F236B57615559E3A002BCA31 /* Splash.cpp in Sources */,
				F236B5791555A625002BCA31 /* MenuItem.cpp in Sources */,
				F218F74A1555EE25007B3232 /* Settings.cpp in Sources */,
				F2771154155EA2CB00DEBAC1 /* DashedLine.cpp in Sources */,
				F277115F155F10A700DEBAC1 /* Ball.cpp in Sources */,
				F2771161155F267300DEBAC1 /* Paddle.cpp in Sources */,
				F2771164155F433600DEBAC1 /* ArcShape.cpp in Sources */,
				F20D250B1560350E008DD115 /* EventDispatcher.cpp in Sources */,
				F24B5FAD156AED9E002D97A3 /* HumanLocal.cpp in Sources */,
				F2732636156B0D0C00C8679A /* EventHandler.cpp in Sources */,
				F2732648156BF96100C8679A /* AI.cpp in Sources */,
				F2583624157FE95000A0D6C9 /* MenuView.cpp in Sources */,
				F25E8A9915817BFF00587BCB /* TextView.cpp in Sources */,
			);
			runOnlyForDeploymentPostprocessing = 0;
		};
/* End PBXSourcesBuildPhase section */

/* Begin PBXVariantGroup section */
		F236B53215558B0C002BCA31 /* InfoPlist.strings */ = {
			isa = PBXVariantGroup;
			children = (
				F236B53315558B0C002BCA31 /* en */,
			);
			name = InfoPlist.strings;
			sourceTree = "<group>";
		};
/* End PBXVariantGroup section */

/* Begin XCBuildConfiguration section */
		F236B53515558B0C002BCA31 /* Debug */ = {
			isa = XCBuildConfiguration;
			buildSettings = {
				ALWAYS_SEARCH_USER_PATHS = NO;
				ARCHS = "$(ARCHS_STANDARD_64_BIT)";
				CLANG_ENABLE_OBJC_ARC = "";
				COPY_PHASE_STRIP = NO;
				GCC_C_LANGUAGE_STANDARD = gnu99;
				GCC_DYNAMIC_NO_PIC = NO;
				GCC_ENABLE_OBJC_EXCEPTIONS = YES;
				GCC_ENABLE_OBJC_GC = unsupported;
				GCC_OPTIMIZATION_LEVEL = 0;
				GCC_PREPROCESSOR_DEFINITIONS = (
					"DEBUG=1",
					"$(inherited)",
				);
				GCC_SYMBOLS_PRIVATE_EXTERN = NO;
				GCC_VERSION = com.apple.compilers.llvm.clang.1_0;
				GCC_WARN_64_TO_32_BIT_CONVERSION = YES;
				GCC_WARN_ABOUT_RETURN_TYPE = YES;
				GCC_WARN_UNINITIALIZED_AUTOS = YES;
				GCC_WARN_UNUSED_VARIABLE = YES;
				HEADER_SEARCH_PATHS = (
					"$(HEADER_SEARCH_PATHS)",
					/usr/local/include/,
				);
				MACOSX_DEPLOYMENT_TARGET = 10.7;
				ONLY_ACTIVE_ARCH = YES;
				OTHER_LDFLAGS = (
					"$(OTHER_LDFLAGS)",
					"$(SFML_SYSTEM)",
					"$(SFML_WINDOW)",
					"$(SFML_GRAPHICS)",
					"$(SFML_AUDIO)",
					"$(SFML_NETWORK)",
				);
				PRODUCT_NAME = "$(TARGET_NAME)";
				SDKROOT = macosx;
				SFML_AUDIO = "";
				SFML_GRAPHICS = "$(SFML_LINK_PREFIX)sfml-graphics$(SFML_LINK_SUFFIX)";
				SFML_LINK_DYLIBS_PREFIX = "-l";
				SFML_LINK_DYLIBS_SUFFIX = "$(SFML_LINK_DYLIBS_SUFFIX_DEBUG)";
				SFML_LINK_DYLIBS_SUFFIX_DEBUG = "-d";
				SFML_LINK_FRAMEWORKS_PREFIX = "-framework ";
				SFML_LINK_FRAMEWORKS_SUFFIX = "";
				SFML_LINK_PREFIX = "$(SFML_LINK_DYLIBS_PREFIX)";
				SFML_LINK_SUFFIX = "$(SFML_LINK_DYLIBS_SUFFIX)";
				SFML_NETWORK = "";
				SFML_SYSTEM = "$(SFML_LINK_PREFIX)sfml-system$(SFML_LINK_SUFFIX)";
				SFML_WINDOW = "$(SFML_LINK_PREFIX)sfml-window$(SFML_LINK_SUFFIX)";
			};
			name = Debug;
		};
		F236B53615558B0C002BCA31 /* Release */ = {
			isa = XCBuildConfiguration;
			buildSettings = {
				ALWAYS_SEARCH_USER_PATHS = NO;
				ARCHS = "$(ARCHS_STANDARD_64_BIT)";
				CLANG_ENABLE_OBJC_ARC = "";
				COPY_PHASE_STRIP = YES;
				DEBUG_INFORMATION_FORMAT = "dwarf-with-dsym";
				GCC_C_LANGUAGE_STANDARD = gnu99;
				GCC_ENABLE_OBJC_EXCEPTIONS = YES;
				GCC_ENABLE_OBJC_GC = unsupported;
				GCC_VERSION = com.apple.compilers.llvm.clang.1_0;
				GCC_WARN_64_TO_32_BIT_CONVERSION = YES;
				GCC_WARN_ABOUT_RETURN_TYPE = YES;
				GCC_WARN_UNINITIALIZED_AUTOS = YES;
				GCC_WARN_UNUSED_VARIABLE = YES;
				HEADER_SEARCH_PATHS = (
					"$(HEADER_SEARCH_PATHS)",
					/usr/local/include/,
				);
				MACOSX_DEPLOYMENT_TARGET = 10.7;
				OTHER_LDFLAGS = (
					"$(OTHER_LDFLAGS)",
					"$(SFML_SYSTEM)",
					"$(SFML_WINDOW)",
					"$(SFML_GRAPHICS)",
					"$(SFML_AUDIO)",
					"$(SFML_NETWORK)",
				);
				PRODUCT_NAME = "$(TARGET_NAME)";
				SDKROOT = macosx;
				SFML_AUDIO = "";
				SFML_GRAPHICS = "$(SFML_LINK_PREFIX)sfml-graphics$(SFML_LINK_SUFFIX)";
				SFML_LINK_DYLIBS_PREFIX = "-l";
				SFML_LINK_DYLIBS_SUFFIX = "";
				SFML_LINK_DYLIBS_SUFFIX_DEBUG = "-d";
				SFML_LINK_FRAMEWORKS_PREFIX = "-framework ";
				SFML_LINK_FRAMEWORKS_SUFFIX = "";
				SFML_LINK_PREFIX = "$(SFML_LINK_DYLIBS_PREFIX)";
				SFML_LINK_SUFFIX = "$(SFML_LINK_DYLIBS_SUFFIX)";
				SFML_NETWORK = "";
				SFML_SYSTEM = "$(SFML_LINK_PREFIX)sfml-system$(SFML_LINK_SUFFIX)";
				SFML_WINDOW = "$(SFML_LINK_PREFIX)sfml-window$(SFML_LINK_SUFFIX)";
			};
			name = Release;
		};
		F236B53815558B0C002BCA31 /* Debug */ = {
			isa = XCBuildConfiguration;
			buildSettings = {
				COPY_PHASE_STRIP = NO;
				GCC_DYNAMIC_NO_PIC = NO;
				GCC_PRECOMPILE_PREFIX_HEADER = NO;
				GCC_PREFIX_HEADER = "";
				INFOPLIST_FILE = "PolarPong/PolarPong-Info.plist";
				PRODUCT_NAME = "$(TARGET_NAME)";
				WRAPPER_EXTENSION = app;
			};
			name = Debug;
		};
		F236B53915558B0C002BCA31 /* Release */ = {
			isa = XCBuildConfiguration;
			buildSettings = {
				COPY_PHASE_STRIP = YES;
				GCC_PRECOMPILE_PREFIX_HEADER = NO;
				GCC_PREFIX_HEADER = "";
				INFOPLIST_FILE = "PolarPong/PolarPong-Info.plist";
				PRODUCT_NAME = "$(TARGET_NAME)";
				WRAPPER_EXTENSION = app;
			};
			name = Release;
		};
/* End XCBuildConfiguration section */

/* Begin XCConfigurationList section */
		F236B51815558B0B002BCA31 /* Build configuration list for PBXProject "PolarPong" */ = {
			isa = XCConfigurationList;
			buildConfigurations = (
				F236B53515558B0C002BCA31 /* Debug */,
				F236B53615558B0C002BCA31 /* Release */,
			);
			defaultConfigurationIsVisible = 0;
			defaultConfigurationName = Release;
		};
		F236B53715558B0C002BCA31 /* Build configuration list for PBXNativeTarget "PolarPong" */ = {
			isa = XCConfigurationList;
			buildConfigurations = (
				F236B53815558B0C002BCA31 /* Debug */,
				F236B53915558B0C002BCA31 /* Release */,
			);
			defaultConfigurationIsVisible = 0;
			defaultConfigurationName = Release;
		};
/* End XCConfigurationList section */
	};
	rootObject = F236B51515558B0B002BCA31 /* Project object */;
}
